
Microsoft Visual Studio Solution File, Format Version 12.00
# Visual Studio Version 17
VisualStudioVersion = 17.10.35013.160
MinimumVisualStudioVersion = 10.0.40219.1
Project("{888888A0-9F3D-457C-B088-3A5042F75D52}") = "Project1", "Project1.pyproj", "{98EF1801-FB49-4A30-9E6D-F366B1CED89A}"
EndProject
Global
	GlobalSection(SolutionConfigurationPlatforms) = preSolution
		Debug|Any CPU = Debug|Any CPU
		Release|Any CPU = Release|Any CPU
	EndGlobalSection
	GlobalSection(ProjectConfigurationPlatforms) = postSolution
		{98EF1801-FB49-4A30-9E6D-F366B1CED89A}.Debug|Any CPU.ActiveCfg = Debug|Any CPU
		{98EF1801-FB49-4A30-9E6D-F366B1CED89A}.Debug|Any CPU.Build.0 = Debug|Any CPU
		{98EF1801-FB49-4A30-9E6D-F366B1CED89A}.Release|Any CPU.ActiveCfg = Release|Any CPU
		{98EF1801-FB49-4A30-9E6D-F366B1CED89A}.Release|Any CPU.Build.0 = Release|Any CPU
	EndGlobalSection
	GlobalSection(SolutionProperties) = preSolution
		HideSolutionNode = FALSE
	EndGlobalSection
	GlobalSection(ExtensibilityGlobals) = postSolution
		SolutionGuid = {7ADF77B9-0111-4A4C-B52E-E845B9AF6C74}
	EndGlobalSection
EndGlobal
